Microsoft Visual Studio Solution File, Format Version 12.00
# Visual Studio Version 17
VisualStudioVersion = 17.5.2.0
MinimumVisualStudioVersion = 10.0.40219.1
Project("{FAE04EC0-301F-11D3-BF4B-00C04F79EFBC}") = "CS_FS04", "CS_FS04.csproj", "{2B773C3F-4C0C-7673-9411-87C4B9F4D729}"
EndProject
Global
	GlobalSection(SolutionConfigurationPlatforms) = preSolution
		Debug|Any CPU = Debug|Any CPU
		Release|Any CPU = Release|Any CPU
	EndGlobalSection
	GlobalSection(ProjectConfigurationPlatforms) = postSolution
		{2B773C3F-4C0C-7673-9411-87C4B9F4D729}.Debug|Any CPU.ActiveCfg = Debug|Any CPU
		{2B773C3F-4C0C-7673-9411-87C4B9F4D729}.Debug|Any CPU.Build.0 = Debug|Any CPU
		{2B773C3F-4C0C-7673-9411-87C4B9F4D729}.Release|Any CPU.ActiveCfg = Release|Any CPU
		{2B773C3F-4C0C-7673-9411-87C4B9F4D729}.Release|Any CPU.Build.0 = Release|Any CPU
	EndGlobalSection
	GlobalSection(SolutionProperties) = preSolution
		HideSolutionNode = FALSE
	EndGlobalSection
	GlobalSection(ExtensibilityGlobals) = postSolution
		SolutionGuid = {D8AA6DE0-5488-4C9A-B943-45C78AF3C101}
	EndGlobalSection
EndGlobal
